
Microsoft Visual Studio Solution File, Format Version 12.00
# Visual Studio Version 17
VisualStudioVersion = 17.14.36212.18 d17.14
MinimumVisualStudioVersion = 10.0.40219.1
Project("{FAE04EC0-301F-11D3-BF4B-00C04F79EFBC}") = "MigradorDbUp", "MigradorDbUp\MigradorDbUp.csproj", "{49A216F7-5B4A-404C-A074-9CE3574E3E05}"
EndProject
Global
	GlobalSection(SolutionConfigurationPlatforms) = preSolution
		Debug|Any CPU = Debug|Any CPU
		Release|Any CPU = Release|Any CPU
	EndGlobalSection
	GlobalSection(ProjectConfigurationPlatforms) = postSolution
		{49A216F7-5B4A-404C-A074-9CE3574E3E05}.Debug|Any CPU.ActiveCfg = Debug|Any CPU
		{49A216F7-5B4A-404C-A074-9CE3574E3E05}.Debug|Any CPU.Build.0 = Debug|Any CPU
		{49A216F7-5B4A-404C-A074-9CE3574E3E05}.Release|Any CPU.ActiveCfg = Release|Any CPU
		{49A216F7-5B4A-404C-A074-9CE3574E3E05}.Release|Any CPU.Build.0 = Release|Any CPU
	EndGlobalSection
	GlobalSection(SolutionProperties) = preSolution
		HideSolutionNode = FALSE
	EndGlobalSection
	GlobalSection(ExtensibilityGlobals) = postSolution
		SolutionGuid = {94A5F454-824B-4375-ADCB-E4B582450EEC}
	EndGlobalSection
EndGlobal
